
Microsoft Visual Studio Solution File, Format Version 12.00
# Visual Studio 15
VisualStudioVersion = 15.0.28307.1433
MinimumVisualStudioVersion = 10.0.40219.1
Project("{FAE04EC0-301F-11D3-BF4B-00C04F79EFBC}") = "BanHang", "BanHang\BanHang.csproj", "{F7FAC9A5-CAB5-41F7-B996-6D3082AD9D71}"
EndProject
Global
	GlobalSection(SolutionConfigurationPlatforms) = preSolution
		Debug|Any CPU = Debug|Any CPU
		Release|Any CPU = Release|Any CPU
	EndGlobalSection
	GlobalSection(ProjectConfigurationPlatforms) = postSolution
		{F7FAC9A5-CAB5-41F7-B996-6D3082AD9D71}.Debug|Any CPU.ActiveCfg = Debug|Any CPU
		{F7FAC9A5-CAB5-41F7-B996-6D3082AD9D71}.Debug|Any CPU.Build.0 = Debug|Any CPU
		{F7FAC9A5-CAB5-41F7-B996-6D3082AD9D71}.Release|Any CPU.ActiveCfg = Release|Any CPU
		{F7FAC9A5-CAB5-41F7-B996-6D3082AD9D71}.Release|Any CPU.Build.0 = Release|Any CPU
	EndGlobalSection
	GlobalSection(SolutionProperties) = preSolution
		HideSolutionNode = FALSE
	EndGlobalSection
	GlobalSection(ExtensibilityGlobals) = postSolution
		SolutionGuid = {EDAF3E90-BF38-49A3-BE45-673DB6E6E48F}
	EndGlobalSection
EndGlobal
